PODS:
  - Alamofire (4.9.1)
  - AlamofireImage (3.6.0):
    - Alamofire (~> 4.9)
  - AlamofireObjectMapper (5.2.1):
    - Alamofire (~> 4.7)
    - ObjectMapper (~> 3.4)
  - Kingfisher (5.15.8):
    - Kingfisher/Core (= 5.15.8)
  - Kingfisher/Core (5.15.8)
  - KRActivityIndicatorView (3.0.7)
  - KRProgressHUD (3.4.7):
    - KRActivityIndicatorView (= 3.0.7)
  - ObjectMapper (3.5.3)
  - SDWebImage (5.11.1):
    - SDWebImage/Core (= 5.11.1)
  - SDWebImage/Core (5.11.1)

DEPENDENCIES:
  - Alamofire (~> 4.7)
  - AlamofireImage
  - AlamofireObjectMapper (~> 5.0)
  - Kingfisher (~> 5.0)
  - KRProgressHUD
  - SDWebImage

SPEC REPOS:
  trunk:
    - Alamofire
    - AlamofireImage
    - AlamofireObjectMapper
    - Kingfisher
    - KRActivityIndicatorView
    - KRProgressHUD
    - ObjectMapper
    - SDWebImage

SPEC CHECKSUMS:
  Alamofire: 85e8a02c69d6020a0d734f6054870d7ecb75cf18
  AlamofireImage: be9963c6582d68b39e89191f64c82a7d7bf40fdd
  AlamofireObjectMapper: 1989f690e982b71921b9253f53a4f33a9bc00d88
  Kingfisher: a3c03d702433fa6cfedabb2bddbe076fb8f2e902
  KRActivityIndicatorView: ad69e89c4ce40c986cf580595be4829dcad0e35a
  KRProgressHUD: a248f0bc6c9c2aed40a37b76e03ffecc7f85c887
  ObjectMapper: 97111c97e054a6ee25917662106689f0b4127b37
  SDWebImage: a7f831e1a65eb5e285e3fb046a23fcfbf08e696d

PODFILE CHECKSUM: 5ff114e0e43a3ff5d87e3dc8e2415cfa8e3431b0

COCOAPODS: 1.10.1
